
Microsoft Visual Studio Solution File, Format Version 12.00
# Visual Studio 15
VisualStudioVersion = 15.0.27130.2027
MinimumVisualStudioVersion = 10.0.40219.1
Project("{FAE04EC0-301F-11D3-BF4B-00C04F79EFBC}") = "MoviesTutorial", "MoviesTutorial\MoviesTutorial.csproj", "{A6A5D081-C653-4ADB-AF8A-7B44C300A2A5}"
EndProject
Global
	GlobalSection(SolutionConfigurationPlatforms) = preSolution
		Debug|Any CPU = Debug|Any CPU
		Release|Any CPU = Release|Any CPU
	EndGlobalSection
	GlobalSection(ProjectConfigurationPlatforms) = postSolution
		{A6A5D081-C653-4ADB-AF8A-7B44C300A2A5}.Debug|Any CPU.ActiveCfg = Debug|Any CPU
		{A6A5D081-C653-4ADB-AF8A-7B44C300A2A5}.Debug|Any CPU.Build.0 = Debug|Any CPU
		{A6A5D081-C653-4ADB-AF8A-7B44C300A2A5}.Release|Any CPU.ActiveCfg = Release|Any CPU
		{A6A5D081-C653-4ADB-AF8A-7B44C300A2A5}.Release|Any CPU.Build.0 = Release|Any CPU
	EndGlobalSection
	GlobalSection(SolutionProperties) = preSolution
		HideSolutionNode = FALSE
	EndGlobalSection
	GlobalSection(ExtensibilityGlobals) = postSolution
		SolutionGuid = {8D09A827-E5BC-48FB-9B5F-10E2AA3FF75C}
	EndGlobalSection
EndGlobal
